
Microsoft Visual Studio Solution File, Format Version 12.00
# Visual Studio Version 17
VisualStudioVersion = 17.10.34928.147
MinimumVisualStudioVersion = 10.0.40219.1
Project("{FAE04EC0-301F-11D3-BF4B-00C04F79EFBC}") = "MachinePark", "MachinePark.csproj", "{B355AAFD-8E4D-482D-981F-AD527E1CBDBF}"
EndProject
Global
	GlobalSection(SolutionConfigurationPlatforms) = preSolution
		Debug|Any CPU = Debug|Any CPU
		Release|Any CPU = Release|Any CPU
	EndGlobalSection
	GlobalSection(ProjectConfigurationPlatforms) = postSolution
		{B355AAFD-8E4D-482D-981F-AD527E1CBDBF}.Debug|Any CPU.ActiveCfg = Debug|Any CPU
		{B355AAFD-8E4D-482D-981F-AD527E1CBDBF}.Debug|Any CPU.Build.0 = Debug|Any CPU
		{B355AAFD-8E4D-482D-981F-AD527E1CBDBF}.Release|Any CPU.ActiveCfg = Release|Any CPU
		{B355AAFD-8E4D-482D-981F-AD527E1CBDBF}.Release|Any CPU.Build.0 = Release|Any CPU
	EndGlobalSection
	GlobalSection(SolutionProperties) = preSolution
		HideSolutionNode = FALSE
	EndGlobalSection
	GlobalSection(ExtensibilityGlobals) = postSolution
		SolutionGuid = {6A22EA17-EB3E-4E5D-AA18-32C344A0FEC5}
	EndGlobalSection
EndGlobal
